
Microsoft Visual Studio Solution File, Format Version 12.00
# Visual Studio Version 17
VisualStudioVersion = 17.6.33723.286
MinimumVisualStudioVersion = 10.0.40219.1
Project("{FAE04EC0-301F-11D3-BF4B-00C04F79EFBC}") = "ValantisClone", "ValantisClone.csproj", "{FCDE23F9-EBFF-449F-A337-7CE3C55418E5}"
EndProject
Global
	GlobalSection(SolutionConfigurationPlatforms) = preSolution
		Debug|Any CPU = Debug|Any CPU
		Release|Any CPU = Release|Any CPU
	EndGlobalSection
	GlobalSection(ProjectConfigurationPlatforms) = postSolution
		{FCDE23F9-EBFF-449F-A337-7CE3C55418E5}.Debug|Any CPU.ActiveCfg = Debug|Any CPU
		{FCDE23F9-EBFF-449F-A337-7CE3C55418E5}.Debug|Any CPU.Build.0 = Debug|Any CPU
		{FCDE23F9-EBFF-449F-A337-7CE3C55418E5}.Release|Any CPU.ActiveCfg = Release|Any CPU
		{FCDE23F9-EBFF-449F-A337-7CE3C55418E5}.Release|Any CPU.Build.0 = Release|Any CPU
	EndGlobalSection
	GlobalSection(SolutionProperties) = preSolution
		HideSolutionNode = FALSE
	EndGlobalSection
	GlobalSection(ExtensibilityGlobals) = postSolution
		SolutionGuid = {1F5D4080-C9A5-4744-A042-668CFF695BCE}
	EndGlobalSection
EndGlobal
